
Microsoft Visual Studio Solution File, Format Version 12.00
# Visual Studio Version 16
VisualStudioVersion = 16.0.30717.126
MinimumVisualStudioVersion = 10.0.40219.1
Project("{FAE04EC0-301F-11D3-BF4B-00C04F79EFBC}") = "Raccoon.DevKits.BinaryDeployer.Shared", "Raccoon.DevKits.BinaryDeployer.Shared\Raccoon.DevKits.BinaryDeployer.Shared.csproj", "{BB319C1F-5865-4117-93C0-5DE106251EAA}"
EndProject
Project("{FAE04EC0-301F-11D3-BF4B-00C04F79EFBC}") = "Raccoon.DevKits.BinaryPackageService.Shared", "Raccoon.DevKits.BinaryPackageService.Shared\Raccoon.DevKits.BinaryPackageService.Shared.csproj", "{6F6EF20F-F5D5-425D-8253-0810F2F77920}"
EndProject
Project("{FAE04EC0-301F-11D3-BF4B-00C04F79EFBC}") = "Raccoon.DevKits.BinaryDeployer.Server", "Raccoon.DevKits.BinaryDeployer.Server\Raccoon.DevKits.BinaryDeployer.Server.csproj", "{F0404879-E6FA-414F-A492-24159B8B6DB7}"
EndProject
Project("{FAE04EC0-301F-11D3-BF4B-00C04F79EFBC}") = "Raccoon.DevKits.BinaryDeployer.CliTool", "Raccoon.DevKits.BinaryDeployer.CliTool\Raccoon.DevKits.BinaryDeployer.CliTool.csproj", "{BC674129-40E7-4385-BA34-3EAF7207B8B2}"
EndProject
Global
	GlobalSection(SolutionConfigurationPlatforms) = preSolution
		Debug|Any CPU = Debug|Any CPU
		Release|Any CPU = Release|Any CPU
	EndGlobalSection
	GlobalSection(ProjectConfigurationPlatforms) = postSolution
		{BB319C1F-5865-4117-93C0-5DE106251EAA}.Debug|Any CPU.ActiveCfg = Debug|Any CPU
		{BB319C1F-5865-4117-93C0-5DE106251EAA}.Debug|Any CPU.Build.0 = Debug|Any CPU
		{BB319C1F-5865-4117-93C0-5DE106251EAA}.Release|Any CPU.ActiveCfg = Release|Any CPU
		{BB319C1F-5865-4117-93C0-5DE106251EAA}.Release|Any CPU.Build.0 = Release|Any CPU
		{6F6EF20F-F5D5-425D-8253-0810F2F77920}.Debug|Any CPU.ActiveCfg = Debug|Any CPU
		{6F6EF20F-F5D5-425D-8253-0810F2F77920}.Debug|Any CPU.Build.0 = Debug|Any CPU
		{6F6EF20F-F5D5-425D-8253-0810F2F77920}.Release|Any CPU.ActiveCfg = Release|Any CPU
		{6F6EF20F-F5D5-425D-8253-0810F2F77920}.Release|Any CPU.Build.0 = Release|Any CPU
		{F0404879-E6FA-414F-A492-24159B8B6DB7}.Debug|Any CPU.ActiveCfg = Debug|Any CPU
		{F0404879-E6FA-414F-A492-24159B8B6DB7}.Debug|Any CPU.Build.0 = Debug|Any CPU
		{F0404879-E6FA-414F-A492-24159B8B6DB7}.Release|Any CPU.ActiveCfg = Release|Any CPU
		{F0404879-E6FA-414F-A492-24159B8B6DB7}.Release|Any CPU.Build.0 = Release|Any CPU
		{BC674129-40E7-4385-BA34-3EAF7207B8B2}.Debug|Any CPU.ActiveCfg = Debug|Any CPU
		{BC674129-40E7-4385-BA34-3EAF7207B8B2}.Debug|Any CPU.Build.0 = Debug|Any CPU
		{BC674129-40E7-4385-BA34-3EAF7207B8B2}.Release|Any CPU.ActiveCfg = Release|Any CPU
		{BC674129-40E7-4385-BA34-3EAF7207B8B2}.Release|Any CPU.Build.0 = Release|Any CPU
	EndGlobalSection
	GlobalSection(SolutionProperties) = preSolution
		HideSolutionNode = FALSE
	EndGlobalSection
	GlobalSection(ExtensibilityGlobals) = postSolution
		SolutionGuid = {6548CDEE-C0FD-4DDA-8184-C3A6CC130CD8}
	EndGlobalSection
EndGlobal
